
Microsoft Visual Studio Solution File, Format Version 12.00
# Visual Studio Version 17
VisualStudioVersion = 17.8.34511.84
MinimumVisualStudioVersion = 10.0.40219.1
Project("{FAE04EC0-301F-11D3-BF4B-00C04F79EFBC}") = "WABBA", "WABBA.csproj", "{2E65422D-AB55-4F30-8042-F059B8BF8F2E}"
EndProject
Global
	GlobalSection(SolutionConfigurationPlatforms) = preSolution
		Debug|Any CPU = Debug|Any CPU
		Release|Any CPU = Release|Any CPU
	EndGlobalSection
	GlobalSection(ProjectConfigurationPlatforms) = postSolution
		{2E65422D-AB55-4F30-8042-F059B8BF8F2E}.Debug|Any CPU.ActiveCfg = Debug|Any CPU
		{2E65422D-AB55-4F30-8042-F059B8BF8F2E}.Debug|Any CPU.Build.0 = Debug|Any CPU
		{2E65422D-AB55-4F30-8042-F059B8BF8F2E}.Release|Any CPU.ActiveCfg = Release|Any CPU
		{2E65422D-AB55-4F30-8042-F059B8BF8F2E}.Release|Any CPU.Build.0 = Release|Any CPU
	EndGlobalSection
	GlobalSection(SolutionProperties) = preSolution
		HideSolutionNode = FALSE
	EndGlobalSection
	GlobalSection(ExtensibilityGlobals) = postSolution
		SolutionGuid = {00810AD9-B3B7-47A9-B36D-73D03B267502}
	EndGlobalSection
EndGlobal
